
Microsoft Visual Studio Solution File, Format Version 11.00
# Visual Studio 2010
Project("{8BC9CEB8-8B4A-11D0-8D11-00A0C91BC942}") = "CurrentFolder", "CurrentFolder\CurrentFolder.vcxproj", "{66E89B74-168A-4001-8DF7-CFD1FA954ABF}"
EndProject
Global
	GlobalSection(SolutionConfigurationPlatforms) = preSolution
		Debug|Win32 = Debug|Win32
		Debug|x64 = Debug|x64
		Release|Win32 = Release|Win32
		Release|x64 = Release|x64
	EndGlobalSection
	GlobalSection(ProjectConfigurationPlatforms) = postSolution
		{66E89B74-168A-4001-8DF7-CFD1FA954ABF}.Debug|Win32.ActiveCfg = Debug|Win32
		{66E89B74-168A-4001-8DF7-CFD1FA954ABF}.Debug|Win32.Build.0 = Debug|Win32
		{66E89B74-168A-4001-8DF7-CFD1FA954ABF}.Debug|x64.ActiveCfg = Debug|x64
		{66E89B74-168A-4001-8DF7-CFD1FA954ABF}.Debug|x64.Build.0 = Debug|x64
		{66E89B74-168A-4001-8DF7-CFD1FA954ABF}.Release|Win32.ActiveCfg = Release|Win32
		{66E89B74-168A-4001-8DF7-CFD1FA954ABF}.Release|Win32.Build.0 = Release|Win32
		{66E89B74-168A-4001-8DF7-CFD1FA954ABF}.Release|x64.ActiveCfg = Release|x64
		{66E89B74-168A-4001-8DF7-CFD1FA954ABF}.Release|x64.Build.0 = Release|x64
	EndGlobalSection
	GlobalSection(SolutionProperties) = preSolution
		HideSolutionNode = FALSE
	EndGlobalSection
EndGlobal
