
Microsoft Visual Studio Solution File, Format Version 11.00
# Visual Studio 2010
Project("{8BC9CEB8-8B4A-11D0-8D11-00A0C91BC942}") = "MdlRename", "MdlRename\MdlRename.vcxproj", "{DC64C790-8B33-4377-8418-699809B9489B}"
EndProject
Global
	GlobalSection(SolutionConfigurationPlatforms) = preSolution
		Debug|Win32 = Debug|Win32
		Release|Win32 = Release|Win32
	EndGlobalSection
	GlobalSection(ProjectConfigurationPlatforms) = postSolution
		{DC64C790-8B33-4377-8418-699809B9489B}.Debug|Win32.ActiveCfg = Debug|x64
		{DC64C790-8B33-4377-8418-699809B9489B}.Debug|Win32.Build.0 = Debug|x64
		{DC64C790-8B33-4377-8418-699809B9489B}.Release|Win32.ActiveCfg = Release|Win32
		{DC64C790-8B33-4377-8418-699809B9489B}.Release|Win32.Build.0 = Release|Win32
	EndGlobalSection
	GlobalSection(SolutionProperties) = preSolution
		HideSolutionNode = FALSE
	EndGlobalSection
EndGlobal
