
Microsoft Visual Studio Solution File, Format Version 11.00
# Visual Studio 2010
Project("{8BC9CEB8-8B4A-11D0-8D11-00A0C91BC942}") = "ToolkitCsharp", "ToolkitCsharp\ToolkitCsharp.vcxproj", "{068355DE-6958-4102-94C1-16AEA7720B8E}"
EndProject
Project("{FAE04EC0-301F-11D3-BF4B-00C04F79EFBC}") = "CsharpDll", "CsharpDll\CsharpDll.csproj", "{AF843EA5-ED8F-4E30-9457-7C4A8A5F30A8}"
EndProject
Global
	GlobalSection(SolutionConfigurationPlatforms) = preSolution
		Debug|Any CPU = Debug|Any CPU
		Debug|Mixed Platforms = Debug|Mixed Platforms
		Debug|Win32 = Debug|Win32
		Debug|x64 = Debug|x64
		Release|Any CPU = Release|Any CPU
		Release|Mixed Platforms = Release|Mixed Platforms
		Release|Win32 = Release|Win32
		Release|x64 = Release|x64
	EndGlobalSection
	GlobalSection(ProjectConfigurationPlatforms) = postSolution
		{068355DE-6958-4102-94C1-16AEA7720B8E}.Debug|Any CPU.ActiveCfg = Debug|Win32
		{068355DE-6958-4102-94C1-16AEA7720B8E}.Debug|Mixed Platforms.ActiveCfg = Debug|Win32
		{068355DE-6958-4102-94C1-16AEA7720B8E}.Debug|Mixed Platforms.Build.0 = Debug|Win32
		{068355DE-6958-4102-94C1-16AEA7720B8E}.Debug|Win32.ActiveCfg = Debug|Win32
		{068355DE-6958-4102-94C1-16AEA7720B8E}.Debug|Win32.Build.0 = Debug|Win32
		{068355DE-6958-4102-94C1-16AEA7720B8E}.Debug|x64.ActiveCfg = Debug|x64
		{068355DE-6958-4102-94C1-16AEA7720B8E}.Debug|x64.Build.0 = Debug|x64
		{068355DE-6958-4102-94C1-16AEA7720B8E}.Release|Any CPU.ActiveCfg = Release|Win32
		{068355DE-6958-4102-94C1-16AEA7720B8E}.Release|Mixed Platforms.ActiveCfg = Release|Win32
		{068355DE-6958-4102-94C1-16AEA7720B8E}.Release|Mixed Platforms.Build.0 = Release|Win32
		{068355DE-6958-4102-94C1-16AEA7720B8E}.Release|Win32.ActiveCfg = Release|Win32
		{068355DE-6958-4102-94C1-16AEA7720B8E}.Release|Win32.Build.0 = Release|Win32
		{068355DE-6958-4102-94C1-16AEA7720B8E}.Release|x64.ActiveCfg = Release|x64
		{068355DE-6958-4102-94C1-16AEA7720B8E}.Release|x64.Build.0 = Release|x64
		{AF843EA5-ED8F-4E30-9457-7C4A8A5F30A8}.Debug|Any CPU.ActiveCfg = Debug|Any CPU
		{AF843EA5-ED8F-4E30-9457-7C4A8A5F30A8}.Debug|Any CPU.Build.0 = Debug|Any CPU
		{AF843EA5-ED8F-4E30-9457-7C4A8A5F30A8}.Debug|Mixed Platforms.ActiveCfg = Debug|Any CPU
		{AF843EA5-ED8F-4E30-9457-7C4A8A5F30A8}.Debug|Mixed Platforms.Build.0 = Debug|Any CPU
		{AF843EA5-ED8F-4E30-9457-7C4A8A5F30A8}.Debug|Win32.ActiveCfg = Debug|Any CPU
		{AF843EA5-ED8F-4E30-9457-7C4A8A5F30A8}.Debug|x64.ActiveCfg = Debug|x64
		{AF843EA5-ED8F-4E30-9457-7C4A8A5F30A8}.Debug|x64.Build.0 = Debug|x64
		{AF843EA5-ED8F-4E30-9457-7C4A8A5F30A8}.Release|Any CPU.ActiveCfg = Release|Any CPU
		{AF843EA5-ED8F-4E30-9457-7C4A8A5F30A8}.Release|Any CPU.Build.0 = Release|Any CPU
		{AF843EA5-ED8F-4E30-9457-7C4A8A5F30A8}.Release|Mixed Platforms.ActiveCfg = Release|Any CPU
		{AF843EA5-ED8F-4E30-9457-7C4A8A5F30A8}.Release|Mixed Platforms.Build.0 = Release|Any CPU
		{AF843EA5-ED8F-4E30-9457-7C4A8A5F30A8}.Release|Win32.ActiveCfg = Release|Any CPU
		{AF843EA5-ED8F-4E30-9457-7C4A8A5F30A8}.Release|x64.ActiveCfg = Release|x64
		{AF843EA5-ED8F-4E30-9457-7C4A8A5F30A8}.Release|x64.Build.0 = Release|x64
	EndGlobalSection
	GlobalSection(SolutionProperties) = preSolution
		HideSolutionNode = FALSE
	EndGlobalSection
EndGlobal
